// !$*UTF8*$!
{
	archiveVersion = 1;
	classes = {
	};
	objectVersion = 56;
	objects = {

/* Begin PBXBuildFile section */
		3D279CE42A3EFA0D00C1B06C /* iOS_ChatGPTApp.swift in Sources */ = {isa = PBXBuildFile; fileRef = 3D279CE32A3EFA0D00C1B06C /* iOS_ChatGPTApp.swift */; };
		3D279CE62A3EFA0D00C1B06C /* ContentView.swift in Sources */ = {isa = PBXBuildFile; fileRef = 3D279CE52A3EFA0D00C1B06C /* ContentView.swift */; };
		3D279CE82A3EFA0E00C1B06C /* Assets.xcassets in Resources */ = {isa = PBXBuildFile; fileRef = 3D279CE72A3EFA0E00C1B06C /* Assets.xcassets */; };
		3D279CEB2A3EFA0E00C1B06C /* Preview Assets.xcassets in Resources */ = {isa = PBXBuildFile; fileRef = 3D279CEA2A3EFA0E00C1B06C /* Preview Assets.xcassets */; };
		3D279CF62A3EFA4200C1B06C /* macOS_ChatGPTApp.swift in Sources */ = {isa = PBXBuildFile; fileRef = 3D279CF52A3EFA4200C1B06C /* macOS_ChatGPTApp.swift */; };
		3D279CF82A3EFA4200C1B06C /* ContentView.swift in Sources */ = {isa = PBXBuildFile; fileRef = 3D279CF72A3EFA4200C1B06C /* ContentView.swift */; };
		3D279CFA2A3EFA4300C1B06C /* Assets.xcassets in Resources */ = {isa = PBXBuildFile; fileRef = 3D279CF92A3EFA4300C1B06C /* Assets.xcassets */; };
		3D279CFD2A3EFA4300C1B06C /* Preview Assets.xcassets in Resources */ = {isa = PBXBuildFile; fileRef = 3D279CFC2A3EFA4300C1B06C /* Preview Assets.xcassets */; };
		3D279D052A3EFBDC00C1B06C /* OpenAISwift in Frameworks */ = {isa = PBXBuildFile; productRef = 3D279D042A3EFBDC00C1B06C /* OpenAISwift */; };
		3D279D082A3EFC1300C1B06C /* OpenAISwift in Frameworks */ = {isa = PBXBuildFile; productRef = 3D279D072A3EFC1300C1B06C /* OpenAISwift */; };
		3D279D0A2A3EFEFE00C1B06C /* MainView.swift in Sources */ = {isa = PBXBuildFile; fileRef = 3D279D092A3EFEFE00C1B06C /* MainView.swift */; };
		3D279D0B2A3EFEFE00C1B06C /* MainView.swift in Sources */ = {isa = PBXBuildFile; fileRef = 3D279D092A3EFEFE00C1B06C /* MainView.swift */; };
		3D279D0E2A3F008B00C1B06C /* String+Extensions.swift in Sources */ = {isa = PBXBuildFile; fileRef = 3D279D0D2A3F008B00C1B06C /* String+Extensions.swift */; };
		3D279D0F2A3F008B00C1B06C /* String+Extensions.swift in Sources */ = {isa = PBXBuildFile; fileRef = 3D279D0D2A3F008B00C1B06C /* String+Extensions.swift */; };
		3D279D122A3F063300C1B06C /* CoreDataManager.swift in Sources */ = {isa = PBXBuildFile; fileRef = 3D279D112A3F063300C1B06C /* CoreDataManager.swift */; };
		3D279D132A3F063300C1B06C /* CoreDataManager.swift in Sources */ = {isa = PBXBuildFile; fileRef = 3D279D112A3F063300C1B06C /* CoreDataManager.swift */; };
		3D279D162A3F072800C1B06C /* HistoryModel.xcdatamodeld in Sources */ = {isa = PBXBuildFile; fileRef = 3D279D142A3F072800C1B06C /* HistoryModel.xcdatamodeld */; };
		3D279D172A3F072800C1B06C /* HistoryModel.xcdatamodeld in Sources */ = {isa = PBXBuildFile; fileRef = 3D279D142A3F072800C1B06C /* HistoryModel.xcdatamodeld */; };
		3D279D1A2A3F085600C1B06C /* Query.swift in Sources */ = {isa = PBXBuildFile; fileRef = 3D279D192A3F085600C1B06C /* Query.swift */; };
		3D279D1B2A3F085600C1B06C /* Query.swift in Sources */ = {isa = PBXBuildFile; fileRef = 3D279D192A3F085600C1B06C /* Query.swift */; };
		3D279D1D2A3F08BD00C1B06C /* Model.swift in Sources */ = {isa = PBXBuildFile; fileRef = 3D279D1C2A3F08BD00C1B06C /* Model.swift */; };
		3D279D1E2A3F08BD00C1B06C /* Model.swift in Sources */ = {isa = PBXBuildFile; fileRef = 3D279D1C2A3F08BD00C1B06C /* Model.swift */; };
		3D279D202A3F0CF400C1B06C /* HistoryView.swift in Sources */ = {isa = PBXBuildFile; fileRef = 3D279D1F2A3F0CF400C1B06C /* HistoryView.swift */; };
		3D279D212A3F0CF400C1B06C /* HistoryView.swift in Sources */ = {isa = PBXBuildFile; fileRef = 3D279D1F2A3F0CF400C1B06C /* HistoryView.swift */; };
/* End PBXBuildFile section */

/* Begin PBXFileReference section */
		3D279CE02A3EFA0D00C1B06C /* iOS-ChatGPT.app */ = {isa = PBXFileReference; explicitFileType = wrapper.application; includeInIndex = 0; path = "iOS-ChatGPT.app"; sourceTree = BUILT_PRODUCTS_DIR; };
		3D279CE32A3EFA0D00C1B06C /* iOS_ChatGPTApp.swift */ = {isa = PBXFileReference; lastKnownFileType = sourcecode.swift; path = iOS_ChatGPTApp.swift; sourceTree = "<group>"; };
		3D279CE52A3EFA0D00C1B06C /* ContentView.swift */ = {isa = PBXFileReference; lastKnownFileType = sourcecode.swift; path = ContentView.swift; sourceTree = "<group>"; };
		3D279CE72A3EFA0E00C1B06C /* Assets.xcassets */ = {isa = PBXFileReference; lastKnownFileType = folder.assetcatalog; path = Assets.xcassets; sourceTree = "<group>"; };
		3D279CEA2A3EFA0E00C1B06C /* Preview Assets.xcassets */ = {isa = PBXFileReference; lastKnownFileType = folder.assetcatalog; path = "Preview Assets.xcassets"; sourceTree = "<group>"; };
		3D279CF32A3EFA4200C1B06C /* macOS-ChatGPT.app */ = {isa = PBXFileReference; explicitFileType = wrapper.application; includeInIndex = 0; path = "macOS-ChatGPT.app"; sourceTree = BUILT_PRODUCTS_DIR; };
		3D279CF52A3EFA4200C1B06C /* macOS_ChatGPTApp.swift */ = {isa = PBXFileReference; lastKnownFileType = sourcecode.swift; path = macOS_ChatGPTApp.swift; sourceTree = "<group>"; };
		3D279CF72A3EFA4200C1B06C /* ContentView.swift */ = {isa = PBXFileReference; lastKnownFileType = sourcecode.swift; path = ContentView.swift; sourceTree = "<group>"; };
		3D279CF92A3EFA4300C1B06C /* Assets.xcassets */ = {isa = PBXFileReference; lastKnownFileType = folder.assetcatalog; path = Assets.xcassets; sourceTree = "<group>"; };
		3D279CFC2A3EFA4300C1B06C /* Preview Assets.xcassets */ = {isa = PBXFileReference; lastKnownFileType = folder.assetcatalog; path = "Preview Assets.xcassets"; sourceTree = "<group>"; };
		3D279CFE2A3EFA4300C1B06C /* macOS_ChatGPT.entitlements */ = {isa = PBXFileReference; lastKnownFileType = text.plist.entitlements; path = macOS_ChatGPT.entitlements; sourceTree = "<group>"; };
		3D279D092A3EFEFE00C1B06C /* MainView.swift */ = {isa = PBXFileReference; lastKnownFileType = sourcecode.swift; path = MainView.swift; sourceTree = "<group>"; };
		3D279D0D2A3F008B00C1B06C /* String+Extensions.swift */ = {isa = PBXFileReference; lastKnownFileType = sourcecode.swift; path = "String+Extensions.swift"; sourceTree = "<group>"; };
		3D279D112A3F063300C1B06C /* CoreDataManager.swift */ = {isa = PBXFileReference; lastKnownFileType = sourcecode.swift; path = CoreDataManager.swift; sourceTree = "<group>"; };
		3D279D152A3F072800C1B06C /* HistoryModel.xcdatamodel */ = {isa = PBXFileReference; lastKnownFileType = wrapper.xcdatamodel; path = HistoryModel.xcdatamodel; sourceTree = "<group>"; };
		3D279D192A3F085600C1B06C /* Query.swift */ = {isa = PBXFileReference; lastKnownFileType = sourcecode.swift; path = Query.swift; sourceTree = "<group>"; };
		3D279D1C2A3F08BD00C1B06C /* Model.swift */ = {isa = PBXFileReference; lastKnownFileType = sourcecode.swift; path = Model.swift; sourceTree = "<group>"; };
		3D279D1F2A3F0CF400C1B06C /* HistoryView.swift */ = {isa = PBXFileReference; lastKnownFileType = sourcecode.swift; path = HistoryView.swift; sourceTree = "<group>"; };
/* End PBXFileReference section */

/* Begin PBXFrameworksBuildPhase section */
		3D279CDD2A3EFA0D00C1B06C /* Frameworks */ = {
			isa = PBXFrameworksBuildPhase;
			buildActionMask = 2147483647;
			files = (
				3D279D052A3EFBDC00C1B06C /* OpenAISwift in Frameworks */,
			);
			runOnlyForDeploymentPostprocessing = 0;
		};
		3D279CF02A3EFA4200C1B06C /* Frameworks */ = {
			isa = PBXFrameworksBuildPhase;
			buildActionMask = 2147483647;
			files = (
				3D279D082A3EFC1300C1B06C /* OpenAISwift in Frameworks */,
			);
			runOnlyForDeploymentPostprocessing = 0;
		};
/* End PBXFrameworksBuildPhase section */

/* Begin PBXGroup section */
		3D279CD52A3EF9C000C1B06C = {
			isa = PBXGroup;
			children = (
				3D279D022A3EFA5300C1B06C /* Shared */,
				3D279CE22A3EFA0D00C1B06C /* iOS-ChatGPT */,
				3D279CF42A3EFA4200C1B06C /* macOS-ChatGPT */,
				3D279CE12A3EFA0D00C1B06C /* Products */,
				3D279D062A3EFC1300C1B06C /* Frameworks */,
			);
			sourceTree = "<group>";
		};
		3D279CE12A3EFA0D00C1B06C /* Products */ = {
			isa = PBXGroup;
			children = (
				3D279CE02A3EFA0D00C1B06C /* iOS-ChatGPT.app */,
				3D279CF32A3EFA4200C1B06C /* macOS-ChatGPT.app */,
			);
			name = Products;
			sourceTree = "<group>";
		};
		3D279CE22A3EFA0D00C1B06C /* iOS-ChatGPT */ = {
			isa = PBXGroup;
			children = (
				3D279CE32A3EFA0D00C1B06C /* iOS_ChatGPTApp.swift */,
				3D279CE52A3EFA0D00C1B06C /* ContentView.swift */,
				3D279CE72A3EFA0E00C1B06C /* Assets.xcassets */,
				3D279CE92A3EFA0E00C1B06C /* Preview Content */,
			);
			path = "iOS-ChatGPT";
			sourceTree = "<group>";
		};
		3D279CE92A3EFA0E00C1B06C /* Preview Content */ = {
			isa = PBXGroup;
			children = (
				3D279CEA2A3EFA0E00C1B06C /* Preview Assets.xcassets */,
			);
			path = "Preview Content";
			sourceTree = "<group>";
		};
		3D279CF42A3EFA4200C1B06C /* macOS-ChatGPT */ = {
			isa = PBXGroup;
			children = (
				3D279CF52A3EFA4200C1B06C /* macOS_ChatGPTApp.swift */,
				3D279CF72A3EFA4200C1B06C /* ContentView.swift */,
				3D279CF92A3EFA4300C1B06C /* Assets.xcassets */,
				3D279CFE2A3EFA4300C1B06C /* macOS_ChatGPT.entitlements */,
				3D279CFB2A3EFA4300C1B06C /* Preview Content */,
			);
			path = "macOS-ChatGPT";
			sourceTree = "<group>";
		};
		3D279CFB2A3EFA4300C1B06C /* Preview Content */ = {
			isa = PBXGroup;
			children = (
				3D279CFC2A3EFA4300C1B06C /* Preview Assets.xcassets */,
			);
			path = "Preview Content";
			sourceTree = "<group>";
		};
		3D279D022A3EFA5300C1B06C /* Shared */ = {
			isa = PBXGroup;
			children = (
				3D279D182A3F083A00C1B06C /* Models */,
				3D279D102A3F061C00C1B06C /* Managers */,
				3D279D0C2A3F006C00C1B06C /* Extensions */,
				3D279D092A3EFEFE00C1B06C /* MainView.swift */,
				3D279D142A3F072800C1B06C /* HistoryModel.xcdatamodeld */,
				3D279D1F2A3F0CF400C1B06C /* HistoryView.swift */,
			);
			path = Shared;
			sourceTree = "<group>";
		};
		3D279D062A3EFC1300C1B06C /* Frameworks */ = {
			isa = PBXGroup;
			children = (
			);
			name = Frameworks;
			sourceTree = "<group>";
		};
		3D279D0C2A3F006C00C1B06C /* Extensions */ = {
			isa = PBXGroup;
			children = (
				3D279D0D2A3F008B00C1B06C /* String+Extensions.swift */,
			);
			path = Extensions;
			sourceTree = "<group>";
		};
		3D279D102A3F061C00C1B06C /* Managers */ = {
			isa = PBXGroup;
			children = (
				3D279D112A3F063300C1B06C /* CoreDataManager.swift */,
			);
			path = Managers;
			sourceTree = "<group>";
		};
		3D279D182A3F083A00C1B06C /* Models */ = {
			isa = PBXGroup;
			children = (
				3D279D192A3F085600C1B06C /* Query.swift */,
				3D279D1C2A3F08BD00C1B06C /* Model.swift */,
			);
			path = Models;
			sourceTree = "<group>";
		};
/* End PBXGroup section */

/* Begin PBXNativeTarget section */
		3D279CDF2A3EFA0D00C1B06C /* iOS-ChatGPT */ = {
			isa = PBXNativeTarget;
			buildConfigurationList = 3D279CEC2A3EFA0E00C1B06C /* Build configuration list for PBXNativeTarget "iOS-ChatGPT" */;
			buildPhases = (
				3D279CDC2A3EFA0D00C1B06C /* Sources */,
				3D279CDD2A3EFA0D00C1B06C /* Frameworks */,
				3D279CDE2A3EFA0D00C1B06C /* Resources */,
			);
			buildRules = (
			);
			dependencies = (
			);
			name = "iOS-ChatGPT";
			packageProductDependencies = (
				3D279D042A3EFBDC00C1B06C /* OpenAISwift */,
			);
			productName = "iOS-ChatGPT";
			productReference = 3D279CE02A3EFA0D00C1B06C /* iOS-ChatGPT.app */;
			productType = "com.apple.product-type.application";
		};
		3D279CF22A3EFA4200C1B06C /* macOS-ChatGPT */ = {
			isa = PBXNativeTarget;
			buildConfigurationList = 3D279CFF2A3EFA4300C1B06C /* Build configuration list for PBXNativeTarget "macOS-ChatGPT" */;
			buildPhases = (
				3D279CEF2A3EFA4200C1B06C /* Sources */,
				3D279CF02A3EFA4200C1B06C /* Frameworks */,
				3D279CF12A3EFA4200C1B06C /* Resources */,
			);
			buildRules = (
			);
			dependencies = (
			);
			name = "macOS-ChatGPT";
			packageProductDependencies = (
				3D279D072A3EFC1300C1B06C /* OpenAISwift */,
			);
			productName = "macOS-ChatGPT";
			productReference = 3D279CF32A3EFA4200C1B06C /* macOS-ChatGPT.app */;
			productType = "com.apple.product-type.application";
		};
/* End PBXNativeTarget section */

/* Begin PBXProject section */
		3D279CD62A3EF9C000C1B06C /* Project object */ = {
			isa = PBXProject;
			attributes = {
				BuildIndependentTargetsInParallel = 1;
				LastSwiftUpdateCheck = 1410;
				LastUpgradeCheck = 1410;
				TargetAttributes = {
					3D279CDF2A3EFA0D00C1B06C = {
						CreatedOnToolsVersion = 14.1;
					};
					3D279CF22A3EFA4200C1B06C = {
						CreatedOnToolsVersion = 14.1;
					};
				};
			};
			buildConfigurationList = 3D279CD92A3EF9C000C1B06C /* Build configuration list for PBXProject "ChatGPTApp" */;
			compatibilityVersion = "Xcode 14.0";
			developmentRegion = en;
			hasScannedForEncodings = 0;
			knownRegions = (
				en,
				Base,
			);
			mainGroup = 3D279CD52A3EF9C000C1B06C;
			packageReferences = (
				3D279D032A3EFBDC00C1B06C /* XCRemoteSwiftPackageReference "OpenAISwift" */,
			);
			productRefGroup = 3D279CE12A3EFA0D00C1B06C /* Products */;
			projectDirPath = "";
			projectRoot = "";
			targets = (
				3D279CDF2A3EFA0D00C1B06C /* iOS-ChatGPT */,
				3D279CF22A3EFA4200C1B06C /* macOS-ChatGPT */,
			);
		};
/* End PBXProject section */

/* Begin PBXResourcesBuildPhase section */
		3D279CDE2A3EFA0D00C1B06C /* Resources */ = {
			isa = PBXResourcesBuildPhase;
			buildActionMask = 2147483647;
			files = (
				3D279CEB2A3EFA0E00C1B06C /* Preview Assets.xcassets in Resources */,
				3D279CE82A3EFA0E00C1B06C /* Assets.xcassets in Resources */,
			);
			runOnlyForDeploymentPostprocessing = 0;
		};
		3D279CF12A3EFA4200C1B06C /* Resources */ = {
			isa = PBXResourcesBuildPhase;
			buildActionMask = 2147483647;
			files = (
				3D279CFD2A3EFA4300C1B06C /* Preview Assets.xcassets in Resources */,
				3D279CFA2A3EFA4300C1B06C /* Assets.xcassets in Resources */,
			);
			runOnlyForDeploymentPostprocessing = 0;
		};
/* End PBXResourcesBuildPhase section */

/* Begin PBXSourcesBuildPhase section */
		3D279CDC2A3EFA0D00C1B06C /* Sources */ = {
			isa = PBXSourcesBuildPhase;
			buildActionMask = 2147483647;
			files = (
				3D279D0E2A3F008B00C1B06C /* String+Extensions.swift in Sources */,
				3D279D1A2A3F085600C1B06C /* Query.swift in Sources */,
				3D279CE62A3EFA0D00C1B06C /* ContentView.swift in Sources */,
				3D279D0A2A3EFEFE00C1B06C /* MainView.swift in Sources */,
				3D279D122A3F063300C1B06C /* CoreDataManager.swift in Sources */,
				3D279D162A3F072800C1B06C /* HistoryModel.xcdatamodeld in Sources */,
				3D279CE42A3EFA0D00C1B06C /* iOS_ChatGPTApp.swift in Sources */,
				3D279D202A3F0CF400C1B06C /* HistoryView.swift in Sources */,
				3D279D1D2A3F08BD00C1B06C /* Model.swift in Sources */,
			);
			runOnlyForDeploymentPostprocessing = 0;
		};
		3D279CEF2A3EFA4200C1B06C /* Sources */ = {
			isa = PBXSourcesBuildPhase;
			buildActionMask = 2147483647;
			files = (
				3D279D0F2A3F008B00C1B06C /* String+Extensions.swift in Sources */,
				3D279D1B2A3F085600C1B06C /* Query.swift in Sources */,
				3D279CF82A3EFA4200C1B06C /* ContentView.swift in Sources */,
				3D279D0B2A3EFEFE00C1B06C /* MainView.swift in Sources */,
				3D279D132A3F063300C1B06C /* CoreDataManager.swift in Sources */,
				3D279D172A3F072800C1B06C /* HistoryModel.xcdatamodeld in Sources */,
				3D279CF62A3EFA4200C1B06C /* macOS_ChatGPTApp.swift in Sources */,
				3D279D212A3F0CF400C1B06C /* HistoryView.swift in Sources */,
				3D279D1E2A3F08BD00C1B06C /* Model.swift in Sources */,
			);
			runOnlyForDeploymentPostprocessing = 0;
		};
/* End PBXSourcesBuildPhase section */

/* Begin XCBuildConfiguration section */
		3D279CDA2A3EF9C000C1B06C /* Debug */ = {
			isa = XCBuildConfiguration;
			buildSettings = {
			};
			name = Debug;
		};
		3D279CDB2A3EF9C000C1B06C /* Release */ = {
			isa = XCBuildConfiguration;
			buildSettings = {
			};
			name = Release;
		};
		3D279CED2A3EFA0E00C1B06C /* Debug */ = {
			isa = XCBuildConfiguration;
			buildSettings = {
				ALWAYS_SEARCH_USER_PATHS = NO;
				ASSETCATALOG_COMPILER_APPICON_NAME = AppIcon;
				ASSETCATALOG_COMPILER_GLOBAL_ACCENT_COLOR_NAME = AccentColor;
				CLANG_ANALYZER_NONNULL = YES;
				CLANG_ANALYZER_NUMBER_OBJECT_CONVERSION = YES_AGGRESSIVE;
				CLANG_CXX_LANGUAGE_STANDARD = "gnu++20";
				CLANG_ENABLE_MODULES = YES;
				CLANG_ENABLE_OBJC_ARC = YES;
				CLANG_ENABLE_OBJC_WEAK = YES;
				CLANG_WARN_BLOCK_CAPTURE_AUTORELEASING = YES;
				CLANG_WARN_BOOL_CONVERSION = YES;
				CLANG_WARN_COMMA = YES;
				CLANG_WARN_CONSTANT_CONVERSION = YES;
				CLANG_WARN_DEPRECATED_OBJC_IMPLEMENTATIONS = YES;
				CLANG_WARN_DIRECT_OBJC_ISA_USAGE = YES_ERROR;
				CLANG_WARN_DOCUMENTATION_COMMENTS = YES;
				CLANG_WARN_EMPTY_BODY = YES;
				CLANG_WARN_ENUM_CONVERSION = YES;
				CLANG_WARN_INFINITE_RECURSION = YES;
				CLANG_WARN_INT_CONVERSION = YES;
				CLANG_WARN_NON_LITERAL_NULL_CONVERSION = YES;
				CLANG_WARN_OBJC_IMPLICIT_RETAIN_SELF = YES;
				CLANG_WARN_OBJC_LITERAL_CONVERSION = YES;
				CLANG_WARN_OBJC_ROOT_CLASS = YES_ERROR;
				CLANG_WARN_QUOTED_INCLUDE_IN_FRAMEWORK_HEADER = YES;
				CLANG_WARN_RANGE_LOOP_ANALYSIS = YES;
				CLANG_WARN_STRICT_PROTOTYPES = YES;
				CLANG_WARN_SUSPICIOUS_MOVE = YES;
				CLANG_WARN_UNGUARDED_AVAILABILITY = YES_AGGRESSIVE;
				CLANG_WARN_UNREACHABLE_CODE = YES;
				CLANG_WARN__DUPLICATE_METHOD_MATCH = YES;
				CODE_SIGN_STYLE = Automatic;
				COPY_PHASE_STRIP = NO;
				CURRENT_PROJECT_VERSION = 1;
				DEBUG_INFORMATION_FORMAT = dwarf;
				DEVELOPMENT_ASSET_PATHS = "\"iOS-ChatGPT/Preview Content\"";
				DEVELOPMENT_TEAM = W32UMJUJM3;
				ENABLE_PREVIEWS = YES;
				ENABLE_STRICT_OBJC_MSGSEND = YES;
				ENABLE_TESTABILITY = YES;
				GCC_C_LANGUAGE_STANDARD = gnu11;
				GCC_DYNAMIC_NO_PIC = NO;
				GCC_NO_COMMON_BLOCKS = YES;
				GCC_OPTIMIZATION_LEVEL = 0;
				GCC_PREPROCESSOR_DEFINITIONS = (
					"DEBUG=1",
					"$(inherited)",
				);
				GCC_WARN_64_TO_32_BIT_CONVERSION = YES;
				GCC_WARN_ABOUT_RETURN_TYPE = YES_ERROR;
				GCC_WARN_UNDECLARED_SELECTOR = YES;
				GCC_WARN_UNINITIALIZED_AUTOS = YES_AGGRESSIVE;
				GCC_WARN_UNUSED_FUNCTION = YES;
				GCC_WARN_UNUSED_VARIABLE = YES;
				GENERATE_INFOPLIST_FILE = YES;
				INFOPLIST_KEY_UIApplicationSceneManifest_Generation = YES;
				INFOPLIST_KEY_UIApplicationSupportsIndirectInputEvents = YES;
				INFOPLIST_KEY_UILaunchScreen_Generation = YES;
				INFOPLIST_KEY_UISupportedInterfaceOrientations_iPad = "UIInterfaceOrientationPortrait UIInterfaceOrientationPortraitUpsideDown UIInterfaceOrientationLandscapeLeft UIInterfaceOrientationLandscapeRight";
				INFOPLIST_KEY_UISupportedInterfaceOrientations_iPhone = "UIInterfaceOrientationPortrait UIInterfaceOrientationLandscapeLeft UIInterfaceOrientationLandscapeRight";
				IPHONEOS_DEPLOYMENT_TARGET = 16.1;
				LD_RUNPATH_SEARCH_PATHS = (
					"$(inherited)",
					"@executable_path/Frameworks",
				);
				MARKETING_VERSION = 1.0;
				MTL_ENABLE_DEBUG_INFO = INCLUDE_SOURCE;
				MTL_FAST_MATH = YES;
				ONLY_ACTIVE_ARCH = YES;
				PRODUCT_BUNDLE_IDENTIFIER = "com.deloitte.iOS-ChatGPT";
				PRODUCT_NAME = "$(TARGET_NAME)";
				SDKROOT = iphoneos;
				SWIFT_ACTIVE_COMPILATION_CONDITIONS = DEBUG;
				SWIFT_EMIT_LOC_STRINGS = YES;
				SWIFT_OPTIMIZATION_LEVEL = "-Onone";
				SWIFT_VERSION = 5.0;
				TARGETED_DEVICE_FAMILY = "1,2";
			};
			name = Debug;
		};
		3D279CEE2A3EFA0E00C1B06C /* Release */ = {
			isa = XCBuildConfiguration;
			buildSettings = {
				ALWAYS_SEARCH_USER_PATHS = NO;
				ASSETCATALOG_COMPILER_APPICON_NAME = AppIcon;
				ASSETCATALOG_COMPILER_GLOBAL_ACCENT_COLOR_NAME = AccentColor;
				CLANG_ANALYZER_NONNULL = YES;
				CLANG_ANALYZER_NUMBER_OBJECT_CONVERSION = YES_AGGRESSIVE;
				CLANG_CXX_LANGUAGE_STANDARD = "gnu++20";
				CLANG_ENABLE_MODULES = YES;
				CLANG_ENABLE_OBJC_ARC = YES;
				CLANG_ENABLE_OBJC_WEAK = YES;
				CLANG_WARN_BLOCK_CAPTURE_AUTORELEASING = YES;
				CLANG_WARN_BOOL_CONVERSION = YES;
				CLANG_WARN_COMMA = YES;
				CLANG_WARN_CONSTANT_CONVERSION = YES;
				CLANG_WARN_DEPRECATED_OBJC_IMPLEMENTATIONS = YES;
				CLANG_WARN_DIRECT_OBJC_ISA_USAGE = YES_ERROR;
				CLANG_WARN_DOCUMENTATION_COMMENTS = YES;
				CLANG_WARN_EMPTY_BODY = YES;
				CLANG_WARN_ENUM_CONVERSION = YES;
				CLANG_WARN_INFINITE_RECURSION = YES;
				CLANG_WARN_INT_CONVERSION = YES;
				CLANG_WARN_NON_LITERAL_NULL_CONVERSION = YES;
				CLANG_WARN_OBJC_IMPLICIT_RETAIN_SELF = YES;
				CLANG_WARN_OBJC_LITERAL_CONVERSION = YES;
				CLANG_WARN_OBJC_ROOT_CLASS = YES_ERROR;
				CLANG_WARN_QUOTED_INCLUDE_IN_FRAMEWORK_HEADER = YES;
				CLANG_WARN_RANGE_LOOP_ANALYSIS = YES;
				CLANG_WARN_STRICT_PROTOTYPES = YES;
				CLANG_WARN_SUSPICIOUS_MOVE = YES;
				CLANG_WARN_UNGUARDED_AVAILABILITY = YES_AGGRESSIVE;
				CLANG_WARN_UNREACHABLE_CODE = YES;
				CLANG_WARN__DUPLICATE_METHOD_MATCH = YES;
				CODE_SIGN_STYLE = Automatic;
				COPY_PHASE_STRIP = NO;
				CURRENT_PROJECT_VERSION = 1;
				DEBUG_INFORMATION_FORMAT = "dwarf-with-dsym";
				DEVELOPMENT_ASSET_PATHS = "\"iOS-ChatGPT/Preview Content\"";
				DEVELOPMENT_TEAM = W32UMJUJM3;
				ENABLE_NS_ASSERTIONS = NO;
				ENABLE_PREVIEWS = YES;
				ENABLE_STRICT_OBJC_MSGSEND = YES;
				GCC_C_LANGUAGE_STANDARD = gnu11;
				GCC_NO_COMMON_BLOCKS = YES;
				GCC_WARN_64_TO_32_BIT_CONVERSION = YES;
				GCC_WARN_ABOUT_RETURN_TYPE = YES_ERROR;
				GCC_WARN_UNDECLARED_SELECTOR = YES;
				GCC_WARN_UNINITIALIZED_AUTOS = YES_AGGRESSIVE;
				GCC_WARN_UNUSED_FUNCTION = YES;
				GCC_WARN_UNUSED_VARIABLE = YES;
				GENERATE_INFOPLIST_FILE = YES;
				INFOPLIST_KEY_UIApplicationSceneManifest_Generation = YES;
				INFOPLIST_KEY_UIApplicationSupportsIndirectInputEvents = YES;
				INFOPLIST_KEY_UILaunchScreen_Generation = YES;
				INFOPLIST_KEY_UISupportedInterfaceOrientations_iPad = "UIInterfaceOrientationPortrait UIInterfaceOrientationPortraitUpsideDown UIInterfaceOrientationLandscapeLeft UIInterfaceOrientationLandscapeRight";
				INFOPLIST_KEY_UISupportedInterfaceOrientations_iPhone = "UIInterfaceOrientationPortrait UIInterfaceOrientationLandscapeLeft UIInterfaceOrientationLandscapeRight";
				IPHONEOS_DEPLOYMENT_TARGET = 16.1;
				LD_RUNPATH_SEARCH_PATHS = (
					"$(inherited)",
					"@executable_path/Frameworks",
				);
				MARKETING_VERSION = 1.0;
				MTL_ENABLE_DEBUG_INFO = NO;
				MTL_FAST_MATH = YES;
				PRODUCT_BUNDLE_IDENTIFIER = "com.deloitte.iOS-ChatGPT";
				PRODUCT_NAME = "$(TARGET_NAME)";
				SDKROOT = iphoneos;
				SWIFT_COMPILATION_MODE = wholemodule;
				SWIFT_EMIT_LOC_STRINGS = YES;
				SWIFT_OPTIMIZATION_LEVEL = "-O";
				SWIFT_VERSION = 5.0;
				TARGETED_DEVICE_FAMILY = "1,2";
				VALIDATE_PRODUCT = YES;
			};
			name = Release;
		};
		3D279D002A3EFA4300C1B06C /* Debug */ = {
			isa = XCBuildConfiguration;
			buildSettings = {
				ALWAYS_SEARCH_USER_PATHS = NO;
				ASSETCATALOG_COMPILER_APPICON_NAME = AppIcon;
				ASSETCATALOG_COMPILER_GLOBAL_ACCENT_COLOR_NAME = AccentColor;
				CLANG_ANALYZER_NONNULL = YES;
				CLANG_ANALYZER_NUMBER_OBJECT_CONVERSION = YES_AGGRESSIVE;
				CLANG_CXX_LANGUAGE_STANDARD = "gnu++20";
				CLANG_ENABLE_MODULES = YES;
				CLANG_ENABLE_OBJC_ARC = YES;
				CLANG_ENABLE_OBJC_WEAK = YES;
				CLANG_WARN_BLOCK_CAPTURE_AUTORELEASING = YES;
				CLANG_WARN_BOOL_CONVERSION = YES;
				CLANG_WARN_COMMA = YES;
				CLANG_WARN_CONSTANT_CONVERSION = YES;
				CLANG_WARN_DEPRECATED_OBJC_IMPLEMENTATIONS = YES;
				CLANG_WARN_DIRECT_OBJC_ISA_USAGE = YES_ERROR;
				CLANG_WARN_DOCUMENTATION_COMMENTS = YES;
				CLANG_WARN_EMPTY_BODY = YES;
				CLANG_WARN_ENUM_CONVERSION = YES;
				CLANG_WARN_INFINITE_RECURSION = YES;
				CLANG_WARN_INT_CONVERSION = YES;
				CLANG_WARN_NON_LITERAL_NULL_CONVERSION = YES;
				CLANG_WARN_OBJC_IMPLICIT_RETAIN_SELF = YES;
				CLANG_WARN_OBJC_LITERAL_CONVERSION = YES;
				CLANG_WARN_OBJC_ROOT_CLASS = YES_ERROR;
				CLANG_WARN_QUOTED_INCLUDE_IN_FRAMEWORK_HEADER = YES;
				CLANG_WARN_RANGE_LOOP_ANALYSIS = YES;
				CLANG_WARN_STRICT_PROTOTYPES = YES;
				CLANG_WARN_SUSPICIOUS_MOVE = YES;
				CLANG_WARN_UNGUARDED_AVAILABILITY = YES_AGGRESSIVE;
				CLANG_WARN_UNREACHABLE_CODE = YES;
				CLANG_WARN__DUPLICATE_METHOD_MATCH = YES;
				CODE_SIGN_ENTITLEMENTS = "macOS-ChatGPT/macOS_ChatGPT.entitlements";
				CODE_SIGN_STYLE = Automatic;
				COMBINE_HIDPI_IMAGES = YES;
				COPY_PHASE_STRIP = NO;
				CURRENT_PROJECT_VERSION = 1;
				DEBUG_INFORMATION_FORMAT = dwarf;
				DEVELOPMENT_ASSET_PATHS = "\"macOS-ChatGPT/Preview Content\"";
				DEVELOPMENT_TEAM = W32UMJUJM3;
				ENABLE_HARDENED_RUNTIME = YES;
				ENABLE_PREVIEWS = YES;
				ENABLE_STRICT_OBJC_MSGSEND = YES;
				ENABLE_TESTABILITY = YES;
				GCC_C_LANGUAGE_STANDARD = gnu11;
				GCC_DYNAMIC_NO_PIC = NO;
				GCC_NO_COMMON_BLOCKS = YES;
				GCC_OPTIMIZATION_LEVEL = 0;
				GCC_PREPROCESSOR_DEFINITIONS = (
					"DEBUG=1",
					"$(inherited)",
				);
				GCC_WARN_64_TO_32_BIT_CONVERSION = YES;
				GCC_WARN_ABOUT_RETURN_TYPE = YES_ERROR;
				GCC_WARN_UNDECLARED_SELECTOR = YES;
				GCC_WARN_UNINITIALIZED_AUTOS = YES_AGGRESSIVE;
				GCC_WARN_UNUSED_FUNCTION = YES;
				GCC_WARN_UNUSED_VARIABLE = YES;
				GENERATE_INFOPLIST_FILE = YES;
				INFOPLIST_KEY_NSHumanReadableCopyright = "";
				LD_RUNPATH_SEARCH_PATHS = (
					"$(inherited)",
					"@executable_path/../Frameworks",
				);
				MACOSX_DEPLOYMENT_TARGET = 13.0;
				MARKETING_VERSION = 1.0;
				MTL_ENABLE_DEBUG_INFO = INCLUDE_SOURCE;
				MTL_FAST_MATH = YES;
				ONLY_ACTIVE_ARCH = YES;
				PRODUCT_BUNDLE_IDENTIFIER = "com.deloitte.macOS-ChatGPT";
				PRODUCT_NAME = "$(TARGET_NAME)";
				SDKROOT = macosx;
				SWIFT_ACTIVE_COMPILATION_CONDITIONS = DEBUG;
				SWIFT_EMIT_LOC_STRINGS = YES;
				SWIFT_OPTIMIZATION_LEVEL = "-Onone";
				SWIFT_VERSION = 5.0;
			};
			name = Debug;
		};
		3D279D012A3EFA4300C1B06C /* Release */ = {
			isa = XCBuildConfiguration;
			buildSettings = {
				ALWAYS_SEARCH_USER_PATHS = NO;
				ASSETCATALOG_COMPILER_APPICON_NAME = AppIcon;
				ASSETCATALOG_COMPILER_GLOBAL_ACCENT_COLOR_NAME = AccentColor;
				CLANG_ANALYZER_NONNULL = YES;
				CLANG_ANALYZER_NUMBER_OBJECT_CONVERSION = YES_AGGRESSIVE;
				CLANG_CXX_LANGUAGE_STANDARD = "gnu++20";
				CLANG_ENABLE_MODULES = YES;
				CLANG_ENABLE_OBJC_ARC = YES;
				CLANG_ENABLE_OBJC_WEAK = YES;
				CLANG_WARN_BLOCK_CAPTURE_AUTORELEASING = YES;
				CLANG_WARN_BOOL_CONVERSION = YES;
				CLANG_WARN_COMMA = YES;
				CLANG_WARN_CONSTANT_CONVERSION = YES;
				CLANG_WARN_DEPRECATED_OBJC_IMPLEMENTATIONS = YES;
				CLANG_WARN_DIRECT_OBJC_ISA_USAGE = YES_ERROR;
				CLANG_WARN_DOCUMENTATION_COMMENTS = YES;
				CLANG_WARN_EMPTY_BODY = YES;
				CLANG_WARN_ENUM_CONVERSION = YES;
				CLANG_WARN_INFINITE_RECURSION = YES;
				CLANG_WARN_INT_CONVERSION = YES;
				CLANG_WARN_NON_LITERAL_NULL_CONVERSION = YES;
				CLANG_WARN_OBJC_IMPLICIT_RETAIN_SELF = YES;
				CLANG_WARN_OBJC_LITERAL_CONVERSION = YES;
				CLANG_WARN_OBJC_ROOT_CLASS = YES_ERROR;
				CLANG_WARN_QUOTED_INCLUDE_IN_FRAMEWORK_HEADER = YES;
				CLANG_WARN_RANGE_LOOP_ANALYSIS = YES;
				CLANG_WARN_STRICT_PROTOTYPES = YES;
				CLANG_WARN_SUSPICIOUS_MOVE = YES;
				CLANG_WARN_UNGUARDED_AVAILABILITY = YES_AGGRESSIVE;
				CLANG_WARN_UNREACHABLE_CODE = YES;
				CLANG_WARN__DUPLICATE_METHOD_MATCH = YES;
				CODE_SIGN_ENTITLEMENTS = "macOS-ChatGPT/macOS_ChatGPT.entitlements";
				CODE_SIGN_STYLE = Automatic;
				COMBINE_HIDPI_IMAGES = YES;
				COPY_PHASE_STRIP = NO;
				CURRENT_PROJECT_VERSION = 1;
				DEBUG_INFORMATION_FORMAT = "dwarf-with-dsym";
				DEVELOPMENT_ASSET_PATHS = "\"macOS-ChatGPT/Preview Content\"";
				DEVELOPMENT_TEAM = W32UMJUJM3;
				ENABLE_HARDENED_RUNTIME = YES;
				ENABLE_NS_ASSERTIONS = NO;
				ENABLE_PREVIEWS = YES;
				ENABLE_STRICT_OBJC_MSGSEND = YES;
				GCC_C_LANGUAGE_STANDARD = gnu11;
				GCC_NO_COMMON_BLOCKS = YES;
				GCC_WARN_64_TO_32_BIT_CONVERSION = YES;
				GCC_WARN_ABOUT_RETURN_TYPE = YES_ERROR;
				GCC_WARN_UNDECLARED_SELECTOR = YES;
				GCC_WARN_UNINITIALIZED_AUTOS = YES_AGGRESSIVE;
				GCC_WARN_UNUSED_FUNCTION = YES;
				GCC_WARN_UNUSED_VARIABLE = YES;
				GENERATE_INFOPLIST_FILE = YES;
				INFOPLIST_KEY_NSHumanReadableCopyright = "";
				LD_RUNPATH_SEARCH_PATHS = (
					"$(inherited)",
					"@executable_path/../Frameworks",
				);
				MACOSX_DEPLOYMENT_TARGET = 13.0;
				MARKETING_VERSION = 1.0;
				MTL_ENABLE_DEBUG_INFO = NO;
				MTL_FAST_MATH = YES;
				PRODUCT_BUNDLE_IDENTIFIER = "com.deloitte.macOS-ChatGPT";
				PRODUCT_NAME = "$(TARGET_NAME)";
				SDKROOT = macosx;
				SWIFT_COMPILATION_MODE = wholemodule;
				SWIFT_EMIT_LOC_STRINGS = YES;
				SWIFT_OPTIMIZATION_LEVEL = "-O";
				SWIFT_VERSION = 5.0;
			};
			name = Release;
		};
/* End XCBuildConfiguration section */

/* Begin XCConfigurationList section */
		3D279CD92A3EF9C000C1B06C /* Build configuration list for PBXProject "ChatGPTApp" */ = {
			isa = XCConfigurationList;
			buildConfigurations = (
				3D279CDA2A3EF9C000C1B06C /* Debug */,
				3D279CDB2A3EF9C000C1B06C /* Release */,
			);
			defaultConfigurationIsVisible = 0;
			defaultConfigurationName = Release;
		};
		3D279CEC2A3EFA0E00C1B06C /* Build configuration list for PBXNativeTarget "iOS-ChatGPT" */ = {
			isa = XCConfigurationList;
			buildConfigurations = (
				3D279CED2A3EFA0E00C1B06C /* Debug */,
				3D279CEE2A3EFA0E00C1B06C /* Release */,
			);
			defaultConfigurationIsVisible = 0;
			defaultConfigurationName = Release;
		};
		3D279CFF2A3EFA4300C1B06C /* Build configuration list for PBXNativeTarget "macOS-ChatGPT" */ = {
			isa = XCConfigurationList;
			buildConfigurations = (
				3D279D002A3EFA4300C1B06C /* Debug */,
				3D279D012A3EFA4300C1B06C /* Release */,
			);
			defaultConfigurationIsVisible = 0;
			defaultConfigurationName = Release;
		};
/* End XCConfigurationList section */

/* Begin XCRemoteSwiftPackageReference section */
		3D279D032A3EFBDC00C1B06C /* XCRemoteSwiftPackageReference "OpenAISwift" */ = {
			isa = XCRemoteSwiftPackageReference;
			repositoryURL = "https://github.com/adamrushy/OpenAISwift.git";
			requirement = {
				kind = upToNextMajorVersion;
				minimumVersion = 1.0.0;
			};
		};
/* End XCRemoteSwiftPackageReference section */

/* Begin XCSwiftPackageProductDependency section */
		3D279D042A3EFBDC00C1B06C /* OpenAISwift */ = {
			isa = XCSwiftPackageProductDependency;
			package = 3D279D032A3EFBDC00C1B06C /* XCRemoteSwiftPackageReference "OpenAISwift" */;
			productName = OpenAISwift;
		};
		3D279D072A3EFC1300C1B06C /* OpenAISwift */ = {
			isa = XCSwiftPackageProductDependency;
			package = 3D279D032A3EFBDC00C1B06C /* XCRemoteSwiftPackageReference "OpenAISwift" */;
			productName = OpenAISwift;
		};
/* End XCSwiftPackageProductDependency section */

/* Begin XCVersionGroup section */
		3D279D142A3F072800C1B06C /* HistoryModel.xcdatamodeld */ = {
			isa = XCVersionGroup;
			children = (
				3D279D152A3F072800C1B06C /* HistoryModel.xcdatamodel */,
			);
			currentVersion = 3D279D152A3F072800C1B06C /* HistoryModel.xcdatamodel */;
			path = HistoryModel.xcdatamodeld;
			sourceTree = "<group>";
			versionGroupType = wrapper.xcdatamodel;
		};
/* End XCVersionGroup section */
	};
	rootObject = 3D279CD62A3EF9C000C1B06C /* Project object */;
}
